
Microsoft Visual Studio Solution File, Format Version 12.00
# Visual Studio Version 16
VisualStudioVersion = 16.0.28803.916
MinimumVisualStudioVersion = 10.0.40219.1
Project("{FAE04EC0-301F-11D3-BF4B-00C04F79EFBC}") = "ContactsDemo.Android", "ContactsDemo\ContactsDemo.Android\ContactsDemo.Android.csproj", "{B518C00C-B712-487D-9658-690A8856FB11}"
EndProject
Project("{FAE04EC0-301F-11D3-BF4B-00C04F79EFBC}") = "ContactsDemo.iOS", "ContactsDemo\ContactsDemo.iOS\ContactsDemo.iOS.csproj", "{F4EFC70D-B176-44BD-BD3F-830A151564E2}"
EndProject
Project("{FAE04EC0-301F-11D3-BF4B-00C04F79EFBC}") = "ContactsDemo", "ContactsDemo\ContactsDemo\ContactsDemo.csproj", "{18B0C1D6-55D2-4381-B8F3-A50EA7900082}"
EndProject
Global
	GlobalSection(SolutionConfigurationPlatforms) = preSolution
		Debug|Any CPU = Debug|Any CPU
		Debug|iPhone = Debug|iPhone
		Debug|iPhoneSimulator = Debug|iPhoneSimulator
		Release|Any CPU = Release|Any CPU
		Release|iPhone = Release|iPhone
		Release|iPhoneSimulator = Release|iPhoneSimulator
	EndGlobalSection
	GlobalSection(ProjectConfigurationPlatforms) = postSolution
		{B518C00C-B712-487D-9658-690A8856FB11}.Debug|Any CPU.ActiveCfg = Debug|Any CPU
		{B518C00C-B712-487D-9658-690A8856FB11}.Debug|Any CPU.Build.0 = Debug|Any CPU
		{B518C00C-B712-487D-9658-690A8856FB11}.Debug|Any CPU.Deploy.0 = Debug|Any CPU
		{B518C00C-B712-487D-9658-690A8856FB11}.Debug|iPhone.ActiveCfg = Debug|Any CPU
		{B518C00C-B712-487D-9658-690A8856FB11}.Debug|iPhone.Build.0 = Debug|Any CPU
		{B518C00C-B712-487D-9658-690A8856FB11}.Debug|iPhone.Deploy.0 = Debug|Any CPU
		{B518C00C-B712-487D-9658-690A8856FB11}.Debug|iPhoneSimulator.ActiveCfg = Debug|Any CPU
		{B518C00C-B712-487D-9658-690A8856FB11}.Debug|iPhoneSimulator.Build.0 = Debug|Any CPU
		{B518C00C-B712-487D-9658-690A8856FB11}.Debug|iPhoneSimulator.Deploy.0 = Debug|Any CPU
		{B518C00C-B712-487D-9658-690A8856FB11}.Release|Any CPU.ActiveCfg = Release|Any CPU
		{B518C00C-B712-487D-9658-690A8856FB11}.Release|Any CPU.Build.0 = Release|Any CPU
		{B518C00C-B712-487D-9658-690A8856FB11}.Release|Any CPU.Deploy.0 = Release|Any CPU
		{B518C00C-B712-487D-9658-690A8856FB11}.Release|iPhone.ActiveCfg = Release|Any CPU
		{B518C00C-B712-487D-9658-690A8856FB11}.Release|iPhone.Build.0 = Release|Any CPU
		{B518C00C-B712-487D-9658-690A8856FB11}.Release|iPhone.Deploy.0 = Release|Any CPU
		{B518C00C-B712-487D-9658-690A8856FB11}.Release|iPhoneSimulator.ActiveCfg = Release|Any CPU
		{B518C00C-B712-487D-9658-690A8856FB11}.Release|iPhoneSimulator.Build.0 = Release|Any CPU
		{B518C00C-B712-487D-9658-690A8856FB11}.Release|iPhoneSimulator.Deploy.0 = Release|Any CPU
		{F4EFC70D-B176-44BD-BD3F-830A151564E2}.Debug|Any CPU.ActiveCfg = Debug|iPhoneSimulator
		{F4EFC70D-B176-44BD-BD3F-830A151564E2}.Debug|Any CPU.Build.0 = Debug|iPhoneSimulator
		{F4EFC70D-B176-44BD-BD3F-830A151564E2}.Debug|Any CPU.Deploy.0 = Debug|iPhoneSimulator
		{F4EFC70D-B176-44BD-BD3F-830A151564E2}.Debug|iPhone.ActiveCfg = Debug|iPhone
		{F4EFC70D-B176-44BD-BD3F-830A151564E2}.Debug|iPhone.Build.0 = Debug|iPhone
		{F4EFC70D-B176-44BD-BD3F-830A151564E2}.Debug|iPhone.Deploy.0 = Debug|iPhone
		{F4EFC70D-B176-44BD-BD3F-830A151564E2}.Debug|iPhoneSimulator.ActiveCfg = Debug|iPhoneSimulator
		{F4EFC70D-B176-44BD-BD3F-830A151564E2}.Debug|iPhoneSimulator.Build.0 = Debug|iPhoneSimulator
		{F4EFC70D-B176-44BD-BD3F-830A151564E2}.Debug|iPhoneSimulator.Deploy.0 = Debug|iPhoneSimulator
		{F4EFC70D-B176-44BD-BD3F-830A151564E2}.Release|Any CPU.ActiveCfg = Release|iPhone
		{F4EFC70D-B176-44BD-BD3F-830A151564E2}.Release|Any CPU.Build.0 = Release|iPhone
		{F4EFC70D-B176-44BD-BD3F-830A151564E2}.Release|Any CPU.Deploy.0 = Release|iPhone
		{F4EFC70D-B176-44BD-BD3F-830A151564E2}.Release|iPhone.ActiveCfg = Release|iPhone
		{F4EFC70D-B176-44BD-BD3F-830A151564E2}.Release|iPhone.Build.0 = Release|iPhone
		{F4EFC70D-B176-44BD-BD3F-830A151564E2}.Release|iPhone.Deploy.0 = Release|iPhone
		{F4EFC70D-B176-44BD-BD3F-830A151564E2}.Release|iPhoneSimulator.ActiveCfg = Release|iPhoneSimulator
		{F4EFC70D-B176-44BD-BD3F-830A151564E2}.Release|iPhoneSimulator.Build.0 = Release|iPhoneSimulator
		{F4EFC70D-B176-44BD-BD3F-830A151564E2}.Release|iPhoneSimulator.Deploy.0 = Release|iPhoneSimulator
		{18B0C1D6-55D2-4381-B8F3-A50EA7900082}.Debug|Any CPU.ActiveCfg = Debug|Any CPU
		{18B0C1D6-55D2-4381-B8F3-A50EA7900082}.Debug|Any CPU.Build.0 = Debug|Any CPU
		{18B0C1D6-55D2-4381-B8F3-A50EA7900082}.Debug|Any CPU.Deploy.0 = Debug|Any CPU
		{18B0C1D6-55D2-4381-B8F3-A50EA7900082}.Debug|iPhone.ActiveCfg = Debug|Any CPU
		{18B0C1D6-55D2-4381-B8F3-A50EA7900082}.Debug|iPhone.Build.0 = Debug|Any CPU
		{18B0C1D6-55D2-4381-B8F3-A50EA7900082}.Debug|iPhone.Deploy.0 = Debug|Any CPU
		{18B0C1D6-55D2-4381-B8F3-A50EA7900082}.Debug|iPhoneSimulator.ActiveCfg = Debug|Any CPU
		{18B0C1D6-55D2-4381-B8F3-A50EA7900082}.Debug|iPhoneSimulator.Build.0 = Debug|Any CPU
		{18B0C1D6-55D2-4381-B8F3-A50EA7900082}.Debug|iPhoneSimulator.Deploy.0 = Debug|Any CPU
		{18B0C1D6-55D2-4381-B8F3-A50EA7900082}.Release|Any CPU.ActiveCfg = Release|Any CPU
		{18B0C1D6-55D2-4381-B8F3-A50EA7900082}.Release|Any CPU.Build.0 = Release|Any CPU
		{18B0C1D6-55D2-4381-B8F3-A50EA7900082}.Release|Any CPU.Deploy.0 = Release|Any CPU
		{18B0C1D6-55D2-4381-B8F3-A50EA7900082}.Release|iPhone.ActiveCfg = Release|Any CPU
		{18B0C1D6-55D2-4381-B8F3-A50EA7900082}.Release|iPhone.Build.0 = Release|Any CPU
		{18B0C1D6-55D2-4381-B8F3-A50EA7900082}.Release|iPhone.Deploy.0 = Release|Any CPU
		{18B0C1D6-55D2-4381-B8F3-A50EA7900082}.Release|iPhoneSimulator.ActiveCfg = Release|Any CPU
		{18B0C1D6-55D2-4381-B8F3-A50EA7900082}.Release|iPhoneSimulator.Build.0 = Release|Any CPU
		{18B0C1D6-55D2-4381-B8F3-A50EA7900082}.Release|iPhoneSimulator.Deploy.0 = Release|Any CPU
	EndGlobalSection
	GlobalSection(SolutionProperties) = preSolution
		HideSolutionNode = FALSE
	EndGlobalSection
	GlobalSection(ExtensibilityGlobals) = postSolution
		SolutionGuid = {F3511387-7295-4FB7-8CEC-072DF7C8C0BA}
	EndGlobalSection
EndGlobal
